
Microsoft Visual Studio Solution File, Format Version 12.00
# Visual Studio Version 16
VisualStudioVersion = 16.0.31702.278
MinimumVisualStudioVersion = 10.0.40219.1
Project("{9A19103F-16F7-4668-BE54-9A1E7A4F7556}") = "Day_4_Giant_Squid", "Day_4_Giant_Squid\Day_4_Giant_Squid.csproj", "{1940C2EF-67E5-43B3-9A9E-AEB1B53730A6}"
EndProject
Project("{9A19103F-16F7-4668-BE54-9A1E7A4F7556}") = "Day_3_Binary_Diagnostic_Part_2", "DAY_3_Binary_Diagnostic_PART_2\Day_3_Binary_Diagnostic_Part_2.csproj", "{C5B48081-C5A2-4D57-B60A-C5587146370B}"
EndProject
Project("{9A19103F-16F7-4668-BE54-9A1E7A4F7556}") = "Day_4_Giant_Squid_Part_2", "Day_4_Giant_Squid_Part_2\Day_4_Giant_Squid_Part_2.csproj", "{F2573958-9096-4337-B996-D727F1901016}"
EndProject
Project("{FAE04EC0-301F-11D3-BF4B-00C04F79EFBC}") = "Day_5_Hydrothermal_Venture", "Day_5_Hydrothermal_Venture\Day_5_Hydrothermal_Venture.csproj", "{19813F05-0177-4B42-9734-49BCDF840027}"
EndProject
Project("{9A19103F-16F7-4668-BE54-9A1E7A4F7556}") = "Day_1_Sonar_Sweep", "Day_1_Sonar_Sweep\Day_1_Sonar_Sweep.csproj", "{E5295304-6E92-431B-A311-7FA1C9B281F4}"
EndProject
Project("{9A19103F-16F7-4668-BE54-9A1E7A4F7556}") = "Day_1_Sonar_Sweep_Part_2", "Day_1_Sonar_Sweep_Part_2\Day_1_Sonar_Sweep_Part_2.csproj", "{556D092A-59E9-4D5F-A3E7-0D5D8A2B2A46}"
EndProject
Project("{9A19103F-16F7-4668-BE54-9A1E7A4F7556}") = "Day_2_Dive", "Day_2_Dive\Day_2_Dive.csproj", "{FD90AC8D-7BAC-4B24-8C61-0954F71DA432}"
EndProject
Project("{9A19103F-16F7-4668-BE54-9A1E7A4F7556}") = "Day_2_Dive_Part_2", "Day_2_Dive_Part_2\Day_2_Dive_Part_2.csproj", "{642B7343-A2D0-44D9-AA85-79FDE782D368}"
EndProject
Project("{9A19103F-16F7-4668-BE54-9A1E7A4F7556}") = "Day_3_Binary_Diagnostic", "Day_3_Binary_Diagnostic\Day_3_Binary_Diagnostic.csproj", "{A831F783-F78B-4AFE-80A4-A772F423CC81}"
EndProject
Project("{FAE04EC0-301F-11D3-BF4B-00C04F79EFBC}") = "Day_5_Hydrothermal_Venture_Part_2", "Day_5_Hydrothermal_Venture_Part_2\Day_5_Hydrothermal_Venture_Part_2.csproj", "{A2E9CEE4-0452-49D8-88FA-E3C84A8C819F}"
EndProject
Global
	GlobalSection(SolutionConfigurationPlatforms) = preSolution
		Debug|Any CPU = Debug|Any CPU
		Release|Any CPU = Release|Any CPU
	EndGlobalSection
	GlobalSection(ProjectConfigurationPlatforms) = postSolution
		{1940C2EF-67E5-43B3-9A9E-AEB1B53730A6}.Debug|Any CPU.ActiveCfg = Debug|Any CPU
		{1940C2EF-67E5-43B3-9A9E-AEB1B53730A6}.Debug|Any CPU.Build.0 = Debug|Any CPU
		{1940C2EF-67E5-43B3-9A9E-AEB1B53730A6}.Release|Any CPU.ActiveCfg = Release|Any CPU
		{1940C2EF-67E5-43B3-9A9E-AEB1B53730A6}.Release|Any CPU.Build.0 = Release|Any CPU
		{C5B48081-C5A2-4D57-B60A-C5587146370B}.Debug|Any CPU.ActiveCfg = Debug|Any CPU
		{C5B48081-C5A2-4D57-B60A-C5587146370B}.Debug|Any CPU.Build.0 = Debug|Any CPU
		{C5B48081-C5A2-4D57-B60A-C5587146370B}.Release|Any CPU.ActiveCfg = Release|Any CPU
		{C5B48081-C5A2-4D57-B60A-C5587146370B}.Release|Any CPU.Build.0 = Release|Any CPU
		{F2573958-9096-4337-B996-D727F1901016}.Debug|Any CPU.ActiveCfg = Debug|Any CPU
		{F2573958-9096-4337-B996-D727F1901016}.Debug|Any CPU.Build.0 = Debug|Any CPU
		{F2573958-9096-4337-B996-D727F1901016}.Release|Any CPU.ActiveCfg = Release|Any CPU
		{F2573958-9096-4337-B996-D727F1901016}.Release|Any CPU.Build.0 = Release|Any CPU
		{19813F05-0177-4B42-9734-49BCDF840027}.Debug|Any CPU.ActiveCfg = Debug|Any CPU
		{19813F05-0177-4B42-9734-49BCDF840027}.Debug|Any CPU.Build.0 = Debug|Any CPU
		{19813F05-0177-4B42-9734-49BCDF840027}.Release|Any CPU.ActiveCfg = Release|Any CPU
		{19813F05-0177-4B42-9734-49BCDF840027}.Release|Any CPU.Build.0 = Release|Any CPU
		{E5295304-6E92-431B-A311-7FA1C9B281F4}.Debug|Any CPU.ActiveCfg = Debug|Any CPU
		{E5295304-6E92-431B-A311-7FA1C9B281F4}.Debug|Any CPU.Build.0 = Debug|Any CPU
		{E5295304-6E92-431B-A311-7FA1C9B281F4}.Release|Any CPU.ActiveCfg = Release|Any CPU
		{E5295304-6E92-431B-A311-7FA1C9B281F4}.Release|Any CPU.Build.0 = Release|Any CPU
		{556D092A-59E9-4D5F-A3E7-0D5D8A2B2A46}.Debug|Any CPU.ActiveCfg = Debug|Any CPU
		{556D092A-59E9-4D5F-A3E7-0D5D8A2B2A46}.Debug|Any CPU.Build.0 = Debug|Any CPU
		{556D092A-59E9-4D5F-A3E7-0D5D8A2B2A46}.Release|Any CPU.ActiveCfg = Release|Any CPU
		{556D092A-59E9-4D5F-A3E7-0D5D8A2B2A46}.Release|Any CPU.Build.0 = Release|Any CPU
		{FD90AC8D-7BAC-4B24-8C61-0954F71DA432}.Debug|Any CPU.ActiveCfg = Debug|Any CPU
		{FD90AC8D-7BAC-4B24-8C61-0954F71DA432}.Debug|Any CPU.Build.0 = Debug|Any CPU
		{FD90AC8D-7BAC-4B24-8C61-0954F71DA432}.Release|Any CPU.ActiveCfg = Release|Any CPU
		{FD90AC8D-7BAC-4B24-8C61-0954F71DA432}.Release|Any CPU.Build.0 = Release|Any CPU
		{642B7343-A2D0-44D9-AA85-79FDE782D368}.Debug|Any CPU.ActiveCfg = Debug|Any CPU
		{642B7343-A2D0-44D9-AA85-79FDE782D368}.Debug|Any CPU.Build.0 = Debug|Any CPU
		{642B7343-A2D0-44D9-AA85-79FDE782D368}.Release|Any CPU.ActiveCfg = Release|Any CPU
		{642B7343-A2D0-44D9-AA85-79FDE782D368}.Release|Any CPU.Build.0 = Release|Any CPU
		{A831F783-F78B-4AFE-80A4-A772F423CC81}.Debug|Any CPU.ActiveCfg = Debug|Any CPU
		{A831F783-F78B-4AFE-80A4-A772F423CC81}.Debug|Any CPU.Build.0 = Debug|Any CPU
		{A831F783-F78B-4AFE-80A4-A772F423CC81}.Release|Any CPU.ActiveCfg = Release|Any CPU
		{A831F783-F78B-4AFE-80A4-A772F423CC81}.Release|Any CPU.Build.0 = Release|Any CPU
		{A2E9CEE4-0452-49D8-88FA-E3C84A8C819F}.Debug|Any CPU.ActiveCfg = Debug|Any CPU
		{A2E9CEE4-0452-49D8-88FA-E3C84A8C819F}.Debug|Any CPU.Build.0 = Debug|Any CPU
		{A2E9CEE4-0452-49D8-88FA-E3C84A8C819F}.Release|Any CPU.ActiveCfg = Release|Any CPU
		{A2E9CEE4-0452-49D8-88FA-E3C84A8C819F}.Release|Any CPU.Build.0 = Release|Any CPU
	EndGlobalSection
	GlobalSection(SolutionProperties) = preSolution
		HideSolutionNode = FALSE
	EndGlobalSection
	GlobalSection(ExtensibilityGlobals) = postSolution
		SolutionGuid = {A0F2A5A3-0EBC-487B-835B-69CF0B13A2E9}
	EndGlobalSection
EndGlobal
