
Microsoft Visual Studio Solution File, Format Version 12.00
# Visual Studio Version 16
VisualStudioVersion = 16.0.31702.278
MinimumVisualStudioVersion = 10.0.40219.1
Project("{9A19103F-16F7-4668-BE54-9A1E7A4F7556}") = "Advent_Of_Code_2021_DAY_1", "Advent_Of_Code_2021_DAY_1\Advent_Of_Code_2021_DAY_1.csproj", "{6113CED5-901D-4FDA-BABE-409AB6186E4D}"
EndProject
Project("{9A19103F-16F7-4668-BE54-9A1E7A4F7556}") = "Advent_Of_Code_2021_DAY_1_PART_2", "Advent_Of_Code_2021_DAY_1_PART_2\Advent_Of_Code_2021_DAY_1_PART_2.csproj", "{BDC08ED6-F302-4666-9BCB-DB3E041F599C}"
EndProject
Project("{9A19103F-16F7-4668-BE54-9A1E7A4F7556}") = "Advent_Of_Code_2021_DAY_2", "Advent_Of_Code_2021_DAY_2\Advent_Of_Code_2021_DAY_2.csproj", "{8B591839-36F7-4056-8824-02FE24958BE2}"
EndProject
Project("{9A19103F-16F7-4668-BE54-9A1E7A4F7556}") = "Advent_Of_Code_2021_DAY_2_PART_2", "Advent_Of_Code_2021_DAY_2_PART_2\Advent_Of_Code_2021_DAY_2_PART_2.csproj", "{5ADA8399-7CF4-46B0-BEE1-4E2DC8EE48F8}"
EndProject
Project("{9A19103F-16F7-4668-BE54-9A1E7A4F7556}") = "DAY_3_Binary_Diagnostic", "Advent_Of_Code_2021_DAY_3\DAY_3_Binary_Diagnostic.csproj", "{B968B277-4F5E-4C01-A4D2-09138FF9864C}"
EndProject
Project("{FAE04EC0-301F-11D3-BF4B-00C04F79EFBC}") = "DAY_4_Giant_Squid", "Day_4_Giant_Squid\DAY_4_Giant_Squid.csproj", "{1940C2EF-67E5-43B3-9A9E-AEB1B53730A6}"
EndProject
Project("{FAE04EC0-301F-11D3-BF4B-00C04F79EFBC}") = "DAY_3_Binary_Diagnostic_PART_2", "DAY_3_Binary_Diagnostic_PART_2\DAY_3_Binary_Diagnostic_PART_2.csproj", "{C5B48081-C5A2-4D57-B60A-C5587146370B}"
EndProject
Global
	GlobalSection(SolutionConfigurationPlatforms) = preSolution
		Debug|Any CPU = Debug|Any CPU
		Release|Any CPU = Release|Any CPU
	EndGlobalSection
	GlobalSection(ProjectConfigurationPlatforms) = postSolution
		{6113CED5-901D-4FDA-BABE-409AB6186E4D}.Debug|Any CPU.ActiveCfg = Debug|Any CPU
		{6113CED5-901D-4FDA-BABE-409AB6186E4D}.Debug|Any CPU.Build.0 = Debug|Any CPU
		{6113CED5-901D-4FDA-BABE-409AB6186E4D}.Release|Any CPU.ActiveCfg = Release|Any CPU
		{6113CED5-901D-4FDA-BABE-409AB6186E4D}.Release|Any CPU.Build.0 = Release|Any CPU
		{BDC08ED6-F302-4666-9BCB-DB3E041F599C}.Debug|Any CPU.ActiveCfg = Debug|Any CPU
		{BDC08ED6-F302-4666-9BCB-DB3E041F599C}.Debug|Any CPU.Build.0 = Debug|Any CPU
		{BDC08ED6-F302-4666-9BCB-DB3E041F599C}.Release|Any CPU.ActiveCfg = Release|Any CPU
		{BDC08ED6-F302-4666-9BCB-DB3E041F599C}.Release|Any CPU.Build.0 = Release|Any CPU
		{8B591839-36F7-4056-8824-02FE24958BE2}.Debug|Any CPU.ActiveCfg = Debug|Any CPU
		{8B591839-36F7-4056-8824-02FE24958BE2}.Debug|Any CPU.Build.0 = Debug|Any CPU
		{8B591839-36F7-4056-8824-02FE24958BE2}.Release|Any CPU.ActiveCfg = Release|Any CPU
		{8B591839-36F7-4056-8824-02FE24958BE2}.Release|Any CPU.Build.0 = Release|Any CPU
		{5ADA8399-7CF4-46B0-BEE1-4E2DC8EE48F8}.Debug|Any CPU.ActiveCfg = Debug|Any CPU
		{5ADA8399-7CF4-46B0-BEE1-4E2DC8EE48F8}.Debug|Any CPU.Build.0 = Debug|Any CPU
		{5ADA8399-7CF4-46B0-BEE1-4E2DC8EE48F8}.Release|Any CPU.ActiveCfg = Release|Any CPU
		{5ADA8399-7CF4-46B0-BEE1-4E2DC8EE48F8}.Release|Any CPU.Build.0 = Release|Any CPU
		{B968B277-4F5E-4C01-A4D2-09138FF9864C}.Debug|Any CPU.ActiveCfg = Debug|Any CPU
		{B968B277-4F5E-4C01-A4D2-09138FF9864C}.Debug|Any CPU.Build.0 = Debug|Any CPU
		{B968B277-4F5E-4C01-A4D2-09138FF9864C}.Release|Any CPU.ActiveCfg = Release|Any CPU
		{B968B277-4F5E-4C01-A4D2-09138FF9864C}.Release|Any CPU.Build.0 = Release|Any CPU
		{1940C2EF-67E5-43B3-9A9E-AEB1B53730A6}.Debug|Any CPU.ActiveCfg = Debug|Any CPU
		{1940C2EF-67E5-43B3-9A9E-AEB1B53730A6}.Debug|Any CPU.Build.0 = Debug|Any CPU
		{1940C2EF-67E5-43B3-9A9E-AEB1B53730A6}.Release|Any CPU.ActiveCfg = Release|Any CPU
		{1940C2EF-67E5-43B3-9A9E-AEB1B53730A6}.Release|Any CPU.Build.0 = Release|Any CPU
		{C5B48081-C5A2-4D57-B60A-C5587146370B}.Debug|Any CPU.ActiveCfg = Debug|Any CPU
		{C5B48081-C5A2-4D57-B60A-C5587146370B}.Debug|Any CPU.Build.0 = Debug|Any CPU
		{C5B48081-C5A2-4D57-B60A-C5587146370B}.Release|Any CPU.ActiveCfg = Release|Any CPU
		{C5B48081-C5A2-4D57-B60A-C5587146370B}.Release|Any CPU.Build.0 = Release|Any CPU
	EndGlobalSection
	GlobalSection(SolutionProperties) = preSolution
		HideSolutionNode = FALSE
	EndGlobalSection
	GlobalSection(ExtensibilityGlobals) = postSolution
		SolutionGuid = {A0F2A5A3-0EBC-487B-835B-69CF0B13A2E9}
	EndGlobalSection
EndGlobal
